PODS:
  - Alamofire (4.7.3)
  - Alamofire-SwiftyJSON (3.0.0):
    - Alamofire (~> 4.5)
    - SwiftyJSON (~> 4.0.0)
  - Kingfisher (4.8.1)
  - NCMB (3.0.0)
  - R.swift (4.0.0):
    - R.swift.Library (~> 4.0.0)
  - R.swift.Library (4.0.0)
  - SlideMenuControllerSwift (4.0.0)
  - SnapKit (4.0.1)
  - SVProgressHUD (2.2.5)
  - SwiftyJSON (4.0.0)
  - SwiftyUserDefaults (4.0.0-alpha.1)

DEPENDENCIES:
  - Alamofire-SwiftyJSON (~> 3.0.0)
  - Kingfisher (~> 4.8.1)
  - NCMB (from `https://github.com/NIFCloud-mbaas/ncmb_ios.git`)
  - R.swift (~> 4.0.0)
  - SlideMenuControllerSwift (~> 4.0.0)
  - SnapKit (~> 4.0.1)
  - SVProgressHUD (~> 2.2.5)
  - SwiftyUserDefaults (= 4.0.0-alpha.1)

SPEC REPOS:
  https://github.com/cocoapods/specs.git:
    - Alamofire
    - Alamofire-SwiftyJSON
    - Kingfisher
    - R.swift
    - R.swift.Library
    - SlideMenuControllerSwift
    - SnapKit
    - SVProgressHUD
    - SwiftyJSON
    - SwiftyUserDefaults

EXTERNAL SOURCES:
  NCMB:
    :git: https://github.com/NIFCloud-mbaas/ncmb_ios.git

CHECKOUT OPTIONS:
  NCMB:
    :commit: ce9d29969b01382943e4d8fd30f07d17dc52f3de
    :git: https://github.com/NIFCloud-mbaas/ncmb_ios.git

SPEC CHECKSUMS:
  Alamofire: c7287b6e5d7da964a70935e5db17046b7fde6568
  Alamofire-SwiftyJSON: 2b3649d57dc7bb2880fb8b86f8bb969397666916
  Kingfisher: 868c1149679a7ab6869be118faa9b5aed154aaf0
  NCMB: 53f7cd60388556330e18cc9196cbe4f897d5c091
  R.swift: d6a5ec2f55a8441dc0ed9f1f8b37d7d11ae85c66
  R.swift.Library: c3af34921024333546e23b70e70d0b4e0cffca75
  SlideMenuControllerSwift: 021d6318201c53d4d4d3710517d43d6c556c7dd0
  SnapKit: 0de968a9fec17499afa29683b05d0c775b6d1c29
  SVProgressHUD: 1428aafac632c1f86f62aa4243ec12008d7a51d6
  SwiftyJSON: 070dabdcb1beb81b247c65ffa3a79dbbfb3b48aa
  SwiftyUserDefaults: cebe0ff9472f52699772a514b6f7155861d8069b

PODFILE CHECKSUM: dd72e0c0c33b9837ede9d610cc17c6d610792784

COCOAPODS: 1.5.3
